
Microsoft Visual Studio Solution File, Format Version 12.00
# Visual Studio Version 17
VisualStudioVersion = 17.0.31903.59
MinimumVisualStudioVersion = 10.0.40219.1
Project("{2150E333-8FDC-42A3-9474-1A3956D46DE8}") = "src", "src", "{827E0CD3-B72D-47B6-A68D-7590B98EB39B}"
EndProject
Project("{FAE04EC0-301F-11D3-BF4B-00C04F79EFBC}") = "Ludo.Engine", "src\Ludo.Engine\Ludo.Engine.csproj", "{2AE92C17-FCD2-423C-BD5B-5D2B30DC8D76}"
EndProject
Project("{2150E333-8FDC-42A3-9474-1A3956D46DE8}") = "tests", "tests", "{0AB3BF05-4346-4AA6-1389-037BE0695223}"
EndProject
Project("{FAE04EC0-301F-11D3-BF4B-00C04F79EFBC}") = "Ludo.Engine.Tests", "tests\Ludo.Engine.Tests\Ludo.Engine.Tests.csproj", "{71156D34-04D0-40C1-AAD5-4CFF64CA61C4}"
EndProject
Project("{FAE04EC0-301F-11D3-BF4B-00C04F79EFBC}") = "Ludo.Bots", "src\Ludo.Bots\Ludo.Bots.csproj", "{B8560763-D2ED-4E61-9472-EA59083A908F}"
EndProject
Project("{FAE04EC0-301F-11D3-BF4B-00C04F79EFBC}") = "Ludo.Runner", "src\Ludo.Runner\Ludo.Runner.csproj", "{F58C012D-5FB3-4666-9B84-8457DA612DDA}"
EndProject
Project("{FAE04EC0-301F-11D3-BF4B-00C04F79EFBC}") = "Ludo.Native", "src\Ludo.Native\Ludo.Native.csproj", "{4EE6C2C9-ECD4-4236-AB53-545FFE6725F3}"
EndProject
Project("{2150E333-8FDC-42A3-9474-1A3956D46DE8}") = "apps", "apps", "{1787FE1D-075E-9E68-7218-25F1BD1BBEAB}"
EndProject
Project("{FAE04EC0-301F-11D3-BF4B-00C04F79EFBC}") = "Ludo.BotHost", "apps\Ludo.BotHost\Ludo.BotHost.csproj", "{10F6EF55-F9B8-492D-A941-FBD5C0437065}"
EndProject
Project("{FAE04EC0-301F-11D3-BF4B-00C04F79EFBC}") = "Ludo.Cli", "apps\Ludo.Cli\Ludo.Cli.csproj", "{D676D69D-6264-4F36-BEC9-C7CD608D719E}"
EndProject
Project("{FAE04EC0-301F-11D3-BF4B-00C04F79EFBC}") = "Ludo.Runner.Tests", "tests\Ludo.Runner.Tests\Ludo.Runner.Tests.csproj", "{1679767C-408A-4D74-80B3-DD2276E00D91}"
EndProject
Project("{FAE04EC0-301F-11D3-BF4B-00C04F79EFBC}") = "Ludo.Presentation", "src\Ludo.Presentation\Ludo.Presentation.csproj", "{1181A247-E9D0-4FF4-9BA4-6A5240DF9045}"
EndProject
Project("{FAE04EC0-301F-11D3-BF4B-00C04F79EFBC}") = "Ludo.Warzone", "apps\Ludo.Warzone\Ludo.Warzone.csproj", "{BC520646-A5C3-42D4-9495-61108AA217A8}"
EndProject
Project("{FAE04EC0-301F-11D3-BF4B-00C04F79EFBC}") = "Ludo.Arena", "apps\Ludo.Arena\Ludo.Arena.csproj", "{010C5513-497B-47CA-8767-9C4F15B855AE}"
EndProject
Project("{FAE04EC0-301F-11D3-BF4B-00C04F79EFBC}") = "Ludo.Desktop.Smoke", "tests\Ludo.Desktop.Smoke\Ludo.Desktop.Smoke.csproj", "{0809A645-2BC8-43C6-9074-5633DB98DD51}"
EndProject
Project("{FAE04EC0-301F-11D3-BF4B-00C04F79EFBC}") = "Ludo.HostFixture", "tests\Ludo.HostFixture\Ludo.HostFixture.csproj", "{BD4A7570-87B2-45DA-B59A-ACCEEE2DF778}"
EndProject
Project("{FAE04EC0-301F-11D3-BF4B-00C04F79EFBC}") = "Ludo.Training", "src\Ludo.Training\Ludo.Training.csproj", "{AF63B559-28B5-4A24-9FA6-5820C4CE8FAC}"
EndProject
Global
	GlobalSection(SolutionConfigurationPlatforms) = preSolution
		Debug|Any CPU = Debug|Any CPU
		Debug|x64 = Debug|x64
		Debug|x86 = Debug|x86
		Release|Any CPU = Release|Any CPU
		Release|x64 = Release|x64
		Release|x86 = Release|x86
	EndGlobalSection
	GlobalSection(ProjectConfigurationPlatforms) = postSolution
		{2AE92C17-FCD2-423C-BD5B-5D2B30DC8D76}.Debug|Any CPU.ActiveCfg = Debug|Any CPU
		{2AE92C17-FCD2-423C-BD5B-5D2B30DC8D76}.Debug|Any CPU.Build.0 = Debug|Any CPU
		{2AE92C17-FCD2-423C-BD5B-5D2B30DC8D76}.Debug|x64.ActiveCfg = Debug|Any CPU
		{2AE92C17-FCD2-423C-BD5B-5D2B30DC8D76}.Debug|x64.Build.0 = Debug|Any CPU
		{2AE92C17-FCD2-423C-BD5B-5D2B30DC8D76}.Debug|x86.ActiveCfg = Debug|Any CPU
		{2AE92C17-FCD2-423C-BD5B-5D2B30DC8D76}.Debug|x86.Build.0 = Debug|Any CPU
		{2AE92C17-FCD2-423C-BD5B-5D2B30DC8D76}.Release|Any CPU.ActiveCfg = Release|Any CPU
		{2AE92C17-FCD2-423C-BD5B-5D2B30DC8D76}.Release|Any CPU.Build.0 = Release|Any CPU
		{2AE92C17-FCD2-423C-BD5B-5D2B30DC8D76}.Release|x64.ActiveCfg = Release|Any CPU
		{2AE92C17-FCD2-423C-BD5B-5D2B30DC8D76}.Release|x64.Build.0 = Release|Any CPU
		{2AE92C17-FCD2-423C-BD5B-5D2B30DC8D76}.Release|x86.ActiveCfg = Release|Any CPU
		{2AE92C17-FCD2-423C-BD5B-5D2B30DC8D76}.Release|x86.Build.0 = Release|Any CPU
		{71156D34-04D0-40C1-AAD5-4CFF64CA61C4}.Debug|Any CPU.ActiveCfg = Debug|Any CPU
		{71156D34-04D0-40C1-AAD5-4CFF64CA61C4}.Debug|Any CPU.Build.0 = Debug|Any CPU
		{71156D34-04D0-40C1-AAD5-4CFF64CA61C4}.Debug|x64.ActiveCfg = Debug|Any CPU
		{71156D34-04D0-40C1-AAD5-4CFF64CA61C4}.Debug|x64.Build.0 = Debug|Any CPU
		{71156D34-04D0-40C1-AAD5-4CFF64CA61C4}.Debug|x86.ActiveCfg = Debug|Any CPU
		{71156D34-04D0-40C1-AAD5-4CFF64CA61C4}.Debug|x86.Build.0 = Debug|Any CPU
		{71156D34-04D0-40C1-AAD5-4CFF64CA61C4}.Release|Any CPU.ActiveCfg = Release|Any CPU
		{71156D34-04D0-40C1-AAD5-4CFF64CA61C4}.Release|Any CPU.Build.0 = Release|Any CPU
		{71156D34-04D0-40C1-AAD5-4CFF64CA61C4}.Release|x64.ActiveCfg = Release|Any CPU
		{71156D34-04D0-40C1-AAD5-4CFF64CA61C4}.Release|x64.Build.0 = Release|Any CPU
		{71156D34-04D0-40C1-AAD5-4CFF64CA61C4}.Release|x86.ActiveCfg = Release|Any CPU
		{71156D34-04D0-40C1-AAD5-4CFF64CA61C4}.Release|x86.Build.0 = Release|Any CPU
		{B8560763-D2ED-4E61-9472-EA59083A908F}.Debug|Any CPU.ActiveCfg = Debug|Any CPU
		{B8560763-D2ED-4E61-9472-EA59083A908F}.Debug|Any CPU.Build.0 = Debug|Any CPU
		{B8560763-D2ED-4E61-9472-EA59083A908F}.Debug|x64.ActiveCfg = Debug|Any CPU
		{B8560763-D2ED-4E61-9472-EA59083A908F}.Debug|x64.Build.0 = Debug|Any CPU
		{B8560763-D2ED-4E61-9472-EA59083A908F}.Debug|x86.ActiveCfg = Debug|Any CPU
		{B8560763-D2ED-4E61-9472-EA59083A908F}.Debug|x86.Build.0 = Debug|Any CPU
		{B8560763-D2ED-4E61-9472-EA59083A908F}.Release|Any CPU.ActiveCfg = Release|Any CPU
		{B8560763-D2ED-4E61-9472-EA59083A908F}.Release|Any CPU.Build.0 = Release|Any CPU
		{B8560763-D2ED-4E61-9472-EA59083A908F}.Release|x64.ActiveCfg = Release|Any CPU
		{B8560763-D2ED-4E61-9472-EA59083A908F}.Release|x64.Build.0 = Release|Any CPU
		{B8560763-D2ED-4E61-9472-EA59083A908F}.Release|x86.ActiveCfg = Release|Any CPU
		{B8560763-D2ED-4E61-9472-EA59083A908F}.Release|x86.Build.0 = Release|Any CPU
		{F58C012D-5FB3-4666-9B84-8457DA612DDA}.Debug|Any CPU.ActiveCfg = Debug|Any CPU
		{F58C012D-5FB3-4666-9B84-8457DA612DDA}.Debug|Any CPU.Build.0 = Debug|Any CPU
		{F58C012D-5FB3-4666-9B84-8457DA612DDA}.Debug|x64.ActiveCfg = Debug|Any CPU
		{F58C012D-5FB3-4666-9B84-8457DA612DDA}.Debug|x64.Build.0 = Debug|Any CPU
		{F58C012D-5FB3-4666-9B84-8457DA612DDA}.Debug|x86.ActiveCfg = Debug|Any CPU
		{F58C012D-5FB3-4666-9B84-8457DA612DDA}.Debug|x86.Build.0 = Debug|Any CPU
		{F58C012D-5FB3-4666-9B84-8457DA612DDA}.Release|Any CPU.ActiveCfg = Release|Any CPU
		{F58C012D-5FB3-4666-9B84-8457DA612DDA}.Release|Any CPU.Build.0 = Release|Any CPU
		{F58C012D-5FB3-4666-9B84-8457DA612DDA}.Release|x64.ActiveCfg = Release|Any CPU
		{F58C012D-5FB3-4666-9B84-8457DA612DDA}.Release|x64.Build.0 = Release|Any CPU
		{F58C012D-5FB3-4666-9B84-8457DA612DDA}.Release|x86.ActiveCfg = Release|Any CPU
		{F58C012D-5FB3-4666-9B84-8457DA612DDA}.Release|x86.Build.0 = Release|Any CPU
		{4EE6C2C9-ECD4-4236-AB53-545FFE6725F3}.Debug|Any CPU.ActiveCfg = Debug|Any CPU
		{4EE6C2C9-ECD4-4236-AB53-545FFE6725F3}.Debug|Any CPU.Build.0 = Debug|Any CPU
		{4EE6C2C9-ECD4-4236-AB53-545FFE6725F3}.Debug|x64.ActiveCfg = Debug|Any CPU
		{4EE6C2C9-ECD4-4236-AB53-545FFE6725F3}.Debug|x64.Build.0 = Debug|Any CPU
		{4EE6C2C9-ECD4-4236-AB53-545FFE6725F3}.Debug|x86.ActiveCfg = Debug|Any CPU
		{4EE6C2C9-ECD4-4236-AB53-545FFE6725F3}.Debug|x86.Build.0 = Debug|Any CPU
		{4EE6C2C9-ECD4-4236-AB53-545FFE6725F3}.Release|Any CPU.ActiveCfg = Release|Any CPU
		{4EE6C2C9-ECD4-4236-AB53-545FFE6725F3}.Release|Any CPU.Build.0 = Release|Any CPU
		{4EE6C2C9-ECD4-4236-AB53-545FFE6725F3}.Release|x64.ActiveCfg = Release|Any CPU
		{4EE6C2C9-ECD4-4236-AB53-545FFE6725F3}.Release|x64.Build.0 = Release|Any CPU
		{4EE6C2C9-ECD4-4236-AB53-545FFE6725F3}.Release|x86.ActiveCfg = Release|Any CPU
		{4EE6C2C9-ECD4-4236-AB53-545FFE6725F3}.Release|x86.Build.0 = Release|Any CPU
		{10F6EF55-F9B8-492D-A941-FBD5C0437065}.Debug|Any CPU.ActiveCfg = Debug|Any CPU
		{10F6EF55-F9B8-492D-A941-FBD5C0437065}.Debug|Any CPU.Build.0 = Debug|Any CPU
		{10F6EF55-F9B8-492D-A941-FBD5C0437065}.Debug|x64.ActiveCfg = Debug|Any CPU
		{10F6EF55-F9B8-492D-A941-FBD5C0437065}.Debug|x64.Build.0 = Debug|Any CPU
		{10F6EF55-F9B8-492D-A941-FBD5C0437065}.Debug|x86.ActiveCfg = Debug|Any CPU
		{10F6EF55-F9B8-492D-A941-FBD5C0437065}.Debug|x86.Build.0 = Debug|Any CPU
		{10F6EF55-F9B8-492D-A941-FBD5C0437065}.Release|Any CPU.ActiveCfg = Release|Any CPU
		{10F6EF55-F9B8-492D-A941-FBD5C0437065}.Release|Any CPU.Build.0 = Release|Any CPU
		{10F6EF55-F9B8-492D-A941-FBD5C0437065}.Release|x64.ActiveCfg = Release|Any CPU
		{10F6EF55-F9B8-492D-A941-FBD5C0437065}.Release|x64.Build.0 = Release|Any CPU
		{10F6EF55-F9B8-492D-A941-FBD5C0437065}.Release|x86.ActiveCfg = Release|Any CPU
		{10F6EF55-F9B8-492D-A941-FBD5C0437065}.Release|x86.Build.0 = Release|Any CPU
		{D676D69D-6264-4F36-BEC9-C7CD608D719E}.Debug|Any CPU.ActiveCfg = Debug|Any CPU
		{D676D69D-6264-4F36-BEC9-C7CD608D719E}.Debug|Any CPU.Build.0 = Debug|Any CPU
		{D676D69D-6264-4F36-BEC9-C7CD608D719E}.Debug|x64.ActiveCfg = Debug|Any CPU
		{D676D69D-6264-4F36-BEC9-C7CD608D719E}.Debug|x64.Build.0 = Debug|Any CPU
		{D676D69D-6264-4F36-BEC9-C7CD608D719E}.Debug|x86.ActiveCfg = Debug|Any CPU
		{D676D69D-6264-4F36-BEC9-C7CD608D719E}.Debug|x86.Build.0 = Debug|Any CPU
		{D676D69D-6264-4F36-BEC9-C7CD608D719E}.Release|Any CPU.ActiveCfg = Release|Any CPU
		{D676D69D-6264-4F36-BEC9-C7CD608D719E}.Release|Any CPU.Build.0 = Release|Any CPU
		{D676D69D-6264-4F36-BEC9-C7CD608D719E}.Release|x64.ActiveCfg = Release|Any CPU
		{D676D69D-6264-4F36-BEC9-C7CD608D719E}.Release|x64.Build.0 = Release|Any CPU
		{D676D69D-6264-4F36-BEC9-C7CD608D719E}.Release|x86.ActiveCfg = Release|Any CPU
		{D676D69D-6264-4F36-BEC9-C7CD608D719E}.Release|x86.Build.0 = Release|Any CPU
		{1679767C-408A-4D74-80B3-DD2276E00D91}.Debug|Any CPU.ActiveCfg = Debug|Any CPU
		{1679767C-408A-4D74-80B3-DD2276E00D91}.Debug|Any CPU.Build.0 = Debug|Any CPU
		{1679767C-408A-4D74-80B3-DD2276E00D91}.Debug|x64.ActiveCfg = Debug|Any CPU
		{1679767C-408A-4D74-80B3-DD2276E00D91}.Debug|x64.Build.0 = Debug|Any CPU
		{1679767C-408A-4D74-80B3-DD2276E00D91}.Debug|x86.ActiveCfg = Debug|Any CPU
		{1679767C-408A-4D74-80B3-DD2276E00D91}.Debug|x86.Build.0 = Debug|Any CPU
		{1679767C-408A-4D74-80B3-DD2276E00D91}.Release|Any CPU.ActiveCfg = Release|Any CPU
		{1679767C-408A-4D74-80B3-DD2276E00D91}.Release|Any CPU.Build.0 = Release|Any CPU
		{1679767C-408A-4D74-80B3-DD2276E00D91}.Release|x64.ActiveCfg = Release|Any CPU
		{1679767C-408A-4D74-80B3-DD2276E00D91}.Release|x64.Build.0 = Release|Any CPU
		{1679767C-408A-4D74-80B3-DD2276E00D91}.Release|x86.ActiveCfg = Release|Any CPU
		{1679767C-408A-4D74-80B3-DD2276E00D91}.Release|x86.Build.0 = Release|Any CPU
		{1181A247-E9D0-4FF4-9BA4-6A5240DF9045}.Debug|Any CPU.ActiveCfg = Debug|Any CPU
		{1181A247-E9D0-4FF4-9BA4-6A5240DF9045}.Debug|Any CPU.Build.0 = Debug|Any CPU
		{1181A247-E9D0-4FF4-9BA4-6A5240DF9045}.Debug|x64.ActiveCfg = Debug|Any CPU
		{1181A247-E9D0-4FF4-9BA4-6A5240DF9045}.Debug|x64.Build.0 = Debug|Any CPU
		{1181A247-E9D0-4FF4-9BA4-6A5240DF9045}.Debug|x86.ActiveCfg = Debug|Any CPU
		{1181A247-E9D0-4FF4-9BA4-6A5240DF9045}.Debug|x86.Build.0 = Debug|Any CPU
		{1181A247-E9D0-4FF4-9BA4-6A5240DF9045}.Release|Any CPU.ActiveCfg = Release|Any CPU
		{1181A247-E9D0-4FF4-9BA4-6A5240DF9045}.Release|Any CPU.Build.0 = Release|Any CPU
		{1181A247-E9D0-4FF4-9BA4-6A5240DF9045}.Release|x64.ActiveCfg = Release|Any CPU
		{1181A247-E9D0-4FF4-9BA4-6A5240DF9045}.Release|x64.Build.0 = Release|Any CPU
		{1181A247-E9D0-4FF4-9BA4-6A5240DF9045}.Release|x86.ActiveCfg = Release|Any CPU
		{1181A247-E9D0-4FF4-9BA4-6A5240DF9045}.Release|x86.Build.0 = Release|Any CPU
		{BC520646-A5C3-42D4-9495-61108AA217A8}.Debug|Any CPU.ActiveCfg = Debug|Any CPU
		{BC520646-A5C3-42D4-9495-61108AA217A8}.Debug|Any CPU.Build.0 = Debug|Any CPU
		{BC520646-A5C3-42D4-9495-61108AA217A8}.Debug|x64.ActiveCfg = Debug|Any CPU
		{BC520646-A5C3-42D4-9495-61108AA217A8}.Debug|x64.Build.0 = Debug|Any CPU
		{BC520646-A5C3-42D4-9495-61108AA217A8}.Debug|x86.ActiveCfg = Debug|Any CPU
		{BC520646-A5C3-42D4-9495-61108AA217A8}.Debug|x86.Build.0 = Debug|Any CPU
		{BC520646-A5C3-42D4-9495-61108AA217A8}.Release|Any CPU.ActiveCfg = Release|Any CPU
		{BC520646-A5C3-42D4-9495-61108AA217A8}.Release|Any CPU.Build.0 = Release|Any CPU
		{BC520646-A5C3-42D4-9495-61108AA217A8}.Release|x64.ActiveCfg = Release|Any CPU
		{BC520646-A5C3-42D4-9495-61108AA217A8}.Release|x64.Build.0 = Release|Any CPU
		{BC520646-A5C3-42D4-9495-61108AA217A8}.Release|x86.ActiveCfg = Release|Any CPU
		{BC520646-A5C3-42D4-9495-61108AA217A8}.Release|x86.Build.0 = Release|Any CPU
		{010C5513-497B-47CA-8767-9C4F15B855AE}.Debug|Any CPU.ActiveCfg = Debug|Any CPU
		{010C5513-497B-47CA-8767-9C4F15B855AE}.Debug|Any CPU.Build.0 = Debug|Any CPU
		{010C5513-497B-47CA-8767-9C4F15B855AE}.Debug|x64.ActiveCfg = Debug|Any CPU
		{010C5513-497B-47CA-8767-9C4F15B855AE}.Debug|x64.Build.0 = Debug|Any CPU
		{010C5513-497B-47CA-8767-9C4F15B855AE}.Debug|x86.ActiveCfg = Debug|Any CPU
		{010C5513-497B-47CA-8767-9C4F15B855AE}.Debug|x86.Build.0 = Debug|Any CPU
		{010C5513-497B-47CA-8767-9C4F15B855AE}.Release|Any CPU.ActiveCfg = Release|Any CPU
		{010C5513-497B-47CA-8767-9C4F15B855AE}.Release|Any CPU.Build.0 = Release|Any CPU
		{010C5513-497B-47CA-8767-9C4F15B855AE}.Release|x64.ActiveCfg = Release|Any CPU
		{010C5513-497B-47CA-8767-9C4F15B855AE}.Release|x64.Build.0 = Release|Any CPU
		{010C5513-497B-47CA-8767-9C4F15B855AE}.Release|x86.ActiveCfg = Release|Any CPU
		{010C5513-497B-47CA-8767-9C4F15B855AE}.Release|x86.Build.0 = Release|Any CPU
		{0809A645-2BC8-43C6-9074-5633DB98DD51}.Debug|Any CPU.ActiveCfg = Debug|Any CPU
		{0809A645-2BC8-43C6-9074-5633DB98DD51}.Debug|Any CPU.Build.0 = Debug|Any CPU
		{0809A645-2BC8-43C6-9074-5633DB98DD51}.Debug|x64.ActiveCfg = Debug|Any CPU
		{0809A645-2BC8-43C6-9074-5633DB98DD51}.Debug|x64.Build.0 = Debug|Any CPU
		{0809A645-2BC8-43C6-9074-5633DB98DD51}.Debug|x86.ActiveCfg = Debug|Any CPU
		{0809A645-2BC8-43C6-9074-5633DB98DD51}.Debug|x86.Build.0 = Debug|Any CPU
		{0809A645-2BC8-43C6-9074-5633DB98DD51}.Release|Any CPU.ActiveCfg = Release|Any CPU
		{0809A645-2BC8-43C6-9074-5633DB98DD51}.Release|Any CPU.Build.0 = Release|Any CPU
		{0809A645-2BC8-43C6-9074-5633DB98DD51}.Release|x64.ActiveCfg = Release|Any CPU
		{0809A645-2BC8-43C6-9074-5633DB98DD51}.Release|x64.Build.0 = Release|Any CPU
		{0809A645-2BC8-43C6-9074-5633DB98DD51}.Release|x86.ActiveCfg = Release|Any CPU
		{0809A645-2BC8-43C6-9074-5633DB98DD51}.Release|x86.Build.0 = Release|Any CPU
		{BD4A7570-87B2-45DA-B59A-ACCEEE2DF778}.Debug|Any CPU.ActiveCfg = Debug|Any CPU
		{BD4A7570-87B2-45DA-B59A-ACCEEE2DF778}.Debug|Any CPU.Build.0 = Debug|Any CPU
		{BD4A7570-87B2-45DA-B59A-ACCEEE2DF778}.Debug|x64.ActiveCfg = Debug|Any CPU
		{BD4A7570-87B2-45DA-B59A-ACCEEE2DF778}.Debug|x64.Build.0 = Debug|Any CPU
		{BD4A7570-87B2-45DA-B59A-ACCEEE2DF778}.Debug|x86.ActiveCfg = Debug|Any CPU
		{BD4A7570-87B2-45DA-B59A-ACCEEE2DF778}.Debug|x86.Build.0 = Debug|Any CPU
		{BD4A7570-87B2-45DA-B59A-ACCEEE2DF778}.Release|Any CPU.ActiveCfg = Release|Any CPU
		{BD4A7570-87B2-45DA-B59A-ACCEEE2DF778}.Release|Any CPU.Build.0 = Release|Any CPU
		{BD4A7570-87B2-45DA-B59A-ACCEEE2DF778}.Release|x64.ActiveCfg = Release|Any CPU
		{BD4A7570-87B2-45DA-B59A-ACCEEE2DF778}.Release|x64.Build.0 = Release|Any CPU
		{BD4A7570-87B2-45DA-B59A-ACCEEE2DF778}.Release|x86.ActiveCfg = Release|Any CPU
		{BD4A7570-87B2-45DA-B59A-ACCEEE2DF778}.Release|x86.Build.0 = Release|Any CPU
		{AF63B559-28B5-4A24-9FA6-5820C4CE8FAC}.Debug|Any CPU.ActiveCfg = Debug|Any CPU
		{AF63B559-28B5-4A24-9FA6-5820C4CE8FAC}.Debug|Any CPU.Build.0 = Debug|Any CPU
		{AF63B559-28B5-4A24-9FA6-5820C4CE8FAC}.Debug|x64.ActiveCfg = Debug|Any CPU
		{AF63B559-28B5-4A24-9FA6-5820C4CE8FAC}.Debug|x64.Build.0 = Debug|Any CPU
		{AF63B559-28B5-4A24-9FA6-5820C4CE8FAC}.Debug|x86.ActiveCfg = Debug|Any CPU
		{AF63B559-28B5-4A24-9FA6-5820C4CE8FAC}.Debug|x86.Build.0 = Debug|Any CPU
		{AF63B559-28B5-4A24-9FA6-5820C4CE8FAC}.Release|Any CPU.ActiveCfg = Release|Any CPU
		{AF63B559-28B5-4A24-9FA6-5820C4CE8FAC}.Release|Any CPU.Build.0 = Release|Any CPU
		{AF63B559-28B5-4A24-9FA6-5820C4CE8FAC}.Release|x64.ActiveCfg = Release|Any CPU
		{AF63B559-28B5-4A24-9FA6-5820C4CE8FAC}.Release|x64.Build.0 = Release|Any CPU
		{AF63B559-28B5-4A24-9FA6-5820C4CE8FAC}.Release|x86.ActiveCfg = Release|Any CPU
		{AF63B559-28B5-4A24-9FA6-5820C4CE8FAC}.Release|x86.Build.0 = Release|Any CPU
	EndGlobalSection
	GlobalSection(SolutionProperties) = preSolution
		HideSolutionNode = FALSE
	EndGlobalSection
	GlobalSection(NestedProjects) = preSolution
		{2AE92C17-FCD2-423C-BD5B-5D2B30DC8D76} = {827E0CD3-B72D-47B6-A68D-7590B98EB39B}
		{71156D34-04D0-40C1-AAD5-4CFF64CA61C4} = {0AB3BF05-4346-4AA6-1389-037BE0695223}
		{B8560763-D2ED-4E61-9472-EA59083A908F} = {827E0CD3-B72D-47B6-A68D-7590B98EB39B}
		{F58C012D-5FB3-4666-9B84-8457DA612DDA} = {827E0CD3-B72D-47B6-A68D-7590B98EB39B}
		{4EE6C2C9-ECD4-4236-AB53-545FFE6725F3} = {827E0CD3-B72D-47B6-A68D-7590B98EB39B}
		{10F6EF55-F9B8-492D-A941-FBD5C0437065} = {1787FE1D-075E-9E68-7218-25F1BD1BBEAB}
		{D676D69D-6264-4F36-BEC9-C7CD608D719E} = {1787FE1D-075E-9E68-7218-25F1BD1BBEAB}
		{1679767C-408A-4D74-80B3-DD2276E00D91} = {0AB3BF05-4346-4AA6-1389-037BE0695223}
		{1181A247-E9D0-4FF4-9BA4-6A5240DF9045} = {827E0CD3-B72D-47B6-A68D-7590B98EB39B}
		{BC520646-A5C3-42D4-9495-61108AA217A8} = {1787FE1D-075E-9E68-7218-25F1BD1BBEAB}
		{010C5513-497B-47CA-8767-9C4F15B855AE} = {1787FE1D-075E-9E68-7218-25F1BD1BBEAB}
		{0809A645-2BC8-43C6-9074-5633DB98DD51} = {0AB3BF05-4346-4AA6-1389-037BE0695223}
		{BD4A7570-87B2-45DA-B59A-ACCEEE2DF778} = {0AB3BF05-4346-4AA6-1389-037BE0695223}
		{AF63B559-28B5-4A24-9FA6-5820C4CE8FAC} = {827E0CD3-B72D-47B6-A68D-7590B98EB39B}
	EndGlobalSection
EndGlobal
